
Microsoft Visual Studio Solution File, Format Version 12.00
# Visual Studio Version 17
VisualStudioVersion = 17.7.34024.191
MinimumVisualStudioVersion = 10.0.40219.1
Project("{FAE04EC0-301F-11D3-BF4B-00C04F79EFBC}") = "flashcards", "flashcards\flashcards.csproj", "{D221D2C8-7697-422C-AEA8-A21CBF3F458C}"
EndProject
Global
	GlobalSection(SolutionConfigurationPlatforms) = preSolution
		Debug|Any CPU = Debug|Any CPU
		Release|Any CPU = Release|Any CPU
	EndGlobalSection
	GlobalSection(ProjectConfigurationPlatforms) = postSolution
		{D221D2C8-7697-422C-AEA8-A21CBF3F458C}.Debug|Any CPU.ActiveCfg = Debug|Any CPU
		{D221D2C8-7697-422C-AEA8-A21CBF3F458C}.Debug|Any CPU.Build.0 = Debug|Any CPU
		{D221D2C8-7697-422C-AEA8-A21CBF3F458C}.Release|Any CPU.ActiveCfg = Release|Any CPU
		{D221D2C8-7697-422C-AEA8-A21CBF3F458C}.Release|Any CPU.Build.0 = Release|Any CPU
	EndGlobalSection
	GlobalSection(SolutionProperties) = preSolution
		HideSolutionNode = FALSE
	EndGlobalSection
	GlobalSection(ExtensibilityGlobals) = postSolution
		SolutionGuid = {43D3AFDB-7BA3-43FF-A68E-CD3AE4819A22}
	EndGlobalSection
EndGlobal
